PODS:
  - Alamofire (5.4.4)
  - Cosmos (23.0.0)
  - KakaoSDKAuth (2.8.1):
    - KakaoSDKCommon (= 2.8.1)
  - KakaoSDKCommon (2.8.1):
    - KakaoSDKCommon/Common (= 2.8.1)
    - KakaoSDKCommon/Network (= 2.8.1)
  - KakaoSDKCommon/Common (2.8.1)
  - KakaoSDKCommon/Network (2.8.1):
    - Alamofire (~> 5.1)
    - KakaoSDKCommon/Common (= 2.8.1)
  - KakaoSDKTalk (2.8.1):
    - KakaoSDKTemplate (= 2.8.1)
    - KakaoSDKUser (= 2.8.1)
  - KakaoSDKTemplate (2.8.1):
    - KakaoSDKCommon/Common (= 2.8.1)
  - KakaoSDKUser (2.8.1):
    - KakaoSDKAuth (= 2.8.1)
  - Kingfisher (7.0.0)
  - MSPeekCollectionViewDelegateImplementation (3.2.0)
  - naveridlogin-sdk-ios (4.1.3)
  - Pageboy (3.6.2)
  - SwiftyJSON (5.0.1)
  - Tabman (2.11.1):
    - Pageboy (~> 3.6.0)

DEPENDENCIES:
  - Cosmos (~> 23.0)
  - KakaoSDKAuth
  - KakaoSDKCommon
  - KakaoSDKTalk
  - KakaoSDKUser
  - Kingfisher (~> 7.0)
  - MSPeekCollectionViewDelegateImplementation
  - naveridlogin-sdk-ios
  - SwiftyJSON
  - Tabman (~> 2.11)

SPEC REPOS:
  trunk:
    - Alamofire
    - Cosmos
    - KakaoSDKAuth
    - KakaoSDKCommon
    - KakaoSDKTalk
    - KakaoSDKTemplate
    - KakaoSDKUser
    - Kingfisher
    - MSPeekCollectionViewDelegateImplementation
    - naveridlogin-sdk-ios
    - Pageboy
    - SwiftyJSON
    - Tabman

SPEC CHECKSUMS:
  Alamofire: f3b09a368f1582ab751b3fff5460276e0d2cf5c9
  Cosmos: b5c6a9a637e28a061b54c8f8b1d8529d7d4db73f
  KakaoSDKAuth: 3cf74660531ac85cd2c7931df8d90d562b0a8fe2
  KakaoSDKCommon: 701ef2a9b92215a4bf131b2a6139c3586b5e8d99
  KakaoSDKTalk: 14a62541fbe93bfeafae8751e58d7212d3642431
  KakaoSDKTemplate: 1e47d4d711cdae4250e8750cf6ce76652736e73e
  KakaoSDKUser: c4bdbca17b05ce7a25c67176ac68b6b0c8b1db56
  Kingfisher: 5efc54fec3980f92354898532e562cc17f31efb4
  MSPeekCollectionViewDelegateImplementation: be35a217bd302976a9e4476151be992c1f150127
  naveridlogin-sdk-ios: b9d7c20677981177ed994ecb1c8c2b49f223277d
  Pageboy: cf121b9dd48c63f3f281b2a9ec93d02e0f23879b
  SwiftyJSON: 2f33a42c6fbc52764d96f13368585094bfd8aa5e
  Tabman: 792ac76fd1ec95af175c93db880a3c47cabedc91

PODFILE CHECKSUM: 1f6f96fbaacce9bd137afd1df691dfafddba1764

COCOAPODS: 1.11.2
